
Microsoft Visual Studio Solution File, Format Version 12.00
# Visual Studio Version 16
VisualStudioVersion = 16.0.30204.135
MinimumVisualStudioVersion = 10.0.40219.1
Project("{FAE04EC0-301F-11D3-BF4B-00C04F79EFBC}") = "UsingHttpClent.Web", "UsingHttpClent.Web\UsingHttpClent.Web.csproj", "{25D6D545-6A0C-4E6C-9A62-BDC857B69679}"
EndProject
Project("{FAE04EC0-301F-11D3-BF4B-00C04F79EFBC}") = "UsingHttpClent.ConsoleApp", "UsingHttpClent.ConsoleApp\UsingHttpClent.ConsoleApp.csproj", "{83C549A1-1777-4D88-ADD2-CB7BCF0D06E4}"
EndProject
Project("{FAE04EC0-301F-11D3-BF4B-00C04F79EFBC}") = "UsingHttpClent.Common", "UsingHttpClent.Common\UsingHttpClent.Common.csproj", "{CE8B9352-C217-401A-A51C-778D693D4727}"
EndProject
Global
	GlobalSection(SolutionConfigurationPlatforms) = preSolution
		Debug|Any CPU = Debug|Any CPU
		Release|Any CPU = Release|Any CPU
	EndGlobalSection
	GlobalSection(ProjectConfigurationPlatforms) = postSolution
		{25D6D545-6A0C-4E6C-9A62-BDC857B69679}.Debug|Any CPU.ActiveCfg = Debug|Any CPU
		{25D6D545-6A0C-4E6C-9A62-BDC857B69679}.Debug|Any CPU.Build.0 = Debug|Any CPU
		{25D6D545-6A0C-4E6C-9A62-BDC857B69679}.Release|Any CPU.ActiveCfg = Release|Any CPU
		{25D6D545-6A0C-4E6C-9A62-BDC857B69679}.Release|Any CPU.Build.0 = Release|Any CPU
		{83C549A1-1777-4D88-ADD2-CB7BCF0D06E4}.Debug|Any CPU.ActiveCfg = Debug|Any CPU
		{83C549A1-1777-4D88-ADD2-CB7BCF0D06E4}.Debug|Any CPU.Build.0 = Debug|Any CPU
		{83C549A1-1777-4D88-ADD2-CB7BCF0D06E4}.Release|Any CPU.ActiveCfg = Release|Any CPU
		{83C549A1-1777-4D88-ADD2-CB7BCF0D06E4}.Release|Any CPU.Build.0 = Release|Any CPU
		{CE8B9352-C217-401A-A51C-778D693D4727}.Debug|Any CPU.ActiveCfg = Debug|Any CPU
		{CE8B9352-C217-401A-A51C-778D693D4727}.Debug|Any CPU.Build.0 = Debug|Any CPU
		{CE8B9352-C217-401A-A51C-778D693D4727}.Release|Any CPU.ActiveCfg = Release|Any CPU
		{CE8B9352-C217-401A-A51C-778D693D4727}.Release|Any CPU.Build.0 = Release|Any CPU
	EndGlobalSection
	GlobalSection(SolutionProperties) = preSolution
		HideSolutionNode = FALSE
	EndGlobalSection
	GlobalSection(ExtensibilityGlobals) = postSolution
		SolutionGuid = {6BFAD3DB-DE78-4F6C-8A3D-292B2AFE3354}
	EndGlobalSection
EndGlobal
